
Microsoft Visual Studio Solution File, Format Version 12.00
# Visual Studio Version 17
VisualStudioVersion = 17.4.33110.190
MinimumVisualStudioVersion = 10.0.40219.1
Project("{9A19103F-16F7-4668-BE54-9A1E7A4F7556}") = "ProjectApplication", "ProjectApplication\ProjectApplication.csproj", "{84264010-2079-4120-A08E-27AAC7BEBCDB}"
EndProject
Global
	GlobalSection(SolutionConfigurationPlatforms) = preSolution
		Debug|Any CPU = Debug|Any CPU
		Release|Any CPU = Release|Any CPU
	EndGlobalSection
	GlobalSection(ProjectConfigurationPlatforms) = postSolution
		{84264010-2079-4120-A08E-27AAC7BEBCDB}.Debug|Any CPU.ActiveCfg = Debug|Any CPU
		{84264010-2079-4120-A08E-27AAC7BEBCDB}.Debug|Any CPU.Build.0 = Debug|Any CPU
		{84264010-2079-4120-A08E-27AAC7BEBCDB}.Release|Any CPU.ActiveCfg = Release|Any CPU
		{84264010-2079-4120-A08E-27AAC7BEBCDB}.Release|Any CPU.Build.0 = Release|Any CPU
	EndGlobalSection
	GlobalSection(SolutionProperties) = preSolution
		HideSolutionNode = FALSE
	EndGlobalSection
	GlobalSection(ExtensibilityGlobals) = postSolution
		SolutionGuid = {B5F6A3C5-F902-4DFB-A1F3-982895DA3997}
	EndGlobalSection
EndGlobal
